
Microsoft Visual Studio Solution File, Format Version 12.00
# Visual Studio Version 17
VisualStudioVersion = 17.5.33516.290
MinimumVisualStudioVersion = 10.0.40219.1
Project("{FAE04EC0-301F-11D3-BF4B-00C04F79EFBC}") = "ProductApi", "ProductApi\ProductApi.csproj", "{74D724BC-38C5-4CAE-9EB8-65B4644C52D6}"
EndProject
Global
	GlobalSection(SolutionConfigurationPlatforms) = preSolution
		Debug|Any CPU = Debug|Any CPU
		Release|Any CPU = Release|Any CPU
	EndGlobalSection
	GlobalSection(ProjectConfigurationPlatforms) = postSolution
		{74D724BC-38C5-4CAE-9EB8-65B4644C52D6}.Debug|Any CPU.ActiveCfg = Debug|Any CPU
		{74D724BC-38C5-4CAE-9EB8-65B4644C52D6}.Debug|Any CPU.Build.0 = Debug|Any CPU
		{74D724BC-38C5-4CAE-9EB8-65B4644C52D6}.Release|Any CPU.ActiveCfg = Release|Any CPU
		{74D724BC-38C5-4CAE-9EB8-65B4644C52D6}.Release|Any CPU.Build.0 = Release|Any CPU
	EndGlobalSection
	GlobalSection(SolutionProperties) = preSolution
		HideSolutionNode = FALSE
	EndGlobalSection
	GlobalSection(ExtensibilityGlobals) = postSolution
		SolutionGuid = {33DE4D5D-B674-4D64-A6DB-E24E2D031844}
	EndGlobalSection
EndGlobal
